
Microsoft Visual Studio Solution File, Format Version 12.00
# Visual Studio Version 17
VisualStudioVersion = 17.0.32014.148
MinimumVisualStudioVersion = 10.0.40219.1
Project("{FAE04EC0-301F-11D3-BF4B-00C04F79EFBC}") = "MyPortfolio", "MyPortfolio\MyPortfolio.csproj", "{3EEEB72F-4B6D-40C2-9CCA-ADE5BDBA477F}"
EndProject
Global
	GlobalSection(SolutionConfigurationPlatforms) = preSolution
		Debug|Any CPU = Debug|Any CPU
		Release|Any CPU = Release|Any CPU
	EndGlobalSection
	GlobalSection(ProjectConfigurationPlatforms) = postSolution
		{3EEEB72F-4B6D-40C2-9CCA-ADE5BDBA477F}.Debug|Any CPU.ActiveCfg = Debug|Any CPU
		{3EEEB72F-4B6D-40C2-9CCA-ADE5BDBA477F}.Debug|Any CPU.Build.0 = Debug|Any CPU
		{3EEEB72F-4B6D-40C2-9CCA-ADE5BDBA477F}.Release|Any CPU.ActiveCfg = Release|Any CPU
		{3EEEB72F-4B6D-40C2-9CCA-ADE5BDBA477F}.Release|Any CPU.Build.0 = Release|Any CPU
	EndGlobalSection
	GlobalSection(SolutionProperties) = preSolution
		HideSolutionNode = FALSE
	EndGlobalSection
	GlobalSection(ExtensibilityGlobals) = postSolution
		SolutionGuid = {A669B519-AEC7-4E30-8019-A888851229DE}
	EndGlobalSection
EndGlobal
